
Microsoft Visual Studio Solution File, Format Version 12.00
# Visual Studio Version 17
VisualStudioVersion = 17.14.36301.6 d17.14
MinimumVisualStudioVersion = 10.0.40219.1
Project("{FAE04EC0-301F-11D3-BF4B-00C04F79EFBC}") = "eBusiness", "eBusiness\eBusiness.csproj", "{4F7036A7-B159-4749-BD13-C9AB6DBB2716}"
EndProject
Global
	GlobalSection(SolutionConfigurationPlatforms) = preSolution
		Debug|Any CPU = Debug|Any CPU
		Release|Any CPU = Release|Any CPU
	EndGlobalSection
	GlobalSection(ProjectConfigurationPlatforms) = postSolution
		{4F7036A7-B159-4749-BD13-C9AB6DBB2716}.Debug|Any CPU.ActiveCfg = Debug|Any CPU
		{4F7036A7-B159-4749-BD13-C9AB6DBB2716}.Debug|Any CPU.Build.0 = Debug|Any CPU
		{4F7036A7-B159-4749-BD13-C9AB6DBB2716}.Release|Any CPU.ActiveCfg = Release|Any CPU
		{4F7036A7-B159-4749-BD13-C9AB6DBB2716}.Release|Any CPU.Build.0 = Release|Any CPU
	EndGlobalSection
	GlobalSection(SolutionProperties) = preSolution
		HideSolutionNode = FALSE
	EndGlobalSection
	GlobalSection(ExtensibilityGlobals) = postSolution
		SolutionGuid = {0B90D5A3-ECDB-464E-9972-3C23D4E0C5A1}
	EndGlobalSection
EndGlobal
